
Microsoft Visual Studio Solution File, Format Version 12.00
# Visual Studio Version 17
VisualStudioVersion = 17.4.33122.133
MinimumVisualStudioVersion = 10.0.40219.1
Project("{FAE04EC0-301F-11D3-BF4B-00C04F79EFBC}") = "WebApiSeyyedi", "WebApiSeyyedi\WebApiSeyyedi.csproj", "{591E66D8-37AF-4039-AAD8-156F41AA6FDE}"
EndProject
Project("{FAE04EC0-301F-11D3-BF4B-00C04F79EFBC}") = "WebApiSeyyedi.Data", "WebApiSeyyedi.Data\WebApiSeyyedi.Data.csproj", "{C010A88B-A593-4A6F-B6D0-A5821EE34C1F}"
EndProject
Project("{FAE04EC0-301F-11D3-BF4B-00C04F79EFBC}") = "WebApiSeyyedi.DTO", "WebApiSeyyedi.DTO\WebApiSeyyedi.DTO.csproj", "{224EB61E-B6B1-4AA5-A328-1807B54D8C98}"
EndProject
Project("{FAE04EC0-301F-11D3-BF4B-00C04F79EFBC}") = "WebApiSeyyedi.Infrastructure", "WebApiSeyyedi.Infrastructure\WebApiSeyyedi.Infrastructure.csproj", "{6D0AEE2A-531D-45F4-8954-9A1F3B6199DB}"
EndProject
Project("{FAE04EC0-301F-11D3-BF4B-00C04F79EFBC}") = "WebApiSeyyedi.Services", "WebApiSeyyedi.Services\WebApiSeyyedi.Services.csproj", "{A257D198-82DC-4C8C-850D-C8CAE45CA909}"
EndProject
Global
	GlobalSection(SolutionConfigurationPlatforms) = preSolution
		Debug|Any CPU = Debug|Any CPU
		Release|Any CPU = Release|Any CPU
	EndGlobalSection
	GlobalSection(ProjectConfigurationPlatforms) = postSolution
		{591E66D8-37AF-4039-AAD8-156F41AA6FDE}.Debug|Any CPU.ActiveCfg = Debug|Any CPU
		{591E66D8-37AF-4039-AAD8-156F41AA6FDE}.Debug|Any CPU.Build.0 = Debug|Any CPU
		{591E66D8-37AF-4039-AAD8-156F41AA6FDE}.Release|Any CPU.ActiveCfg = Release|Any CPU
		{591E66D8-37AF-4039-AAD8-156F41AA6FDE}.Release|Any CPU.Build.0 = Release|Any CPU
		{C010A88B-A593-4A6F-B6D0-A5821EE34C1F}.Debug|Any CPU.ActiveCfg = Debug|Any CPU
		{C010A88B-A593-4A6F-B6D0-A5821EE34C1F}.Debug|Any CPU.Build.0 = Debug|Any CPU
		{C010A88B-A593-4A6F-B6D0-A5821EE34C1F}.Release|Any CPU.ActiveCfg = Release|Any CPU
		{C010A88B-A593-4A6F-B6D0-A5821EE34C1F}.Release|Any CPU.Build.0 = Release|Any CPU
		{224EB61E-B6B1-4AA5-A328-1807B54D8C98}.Debug|Any CPU.ActiveCfg = Debug|Any CPU
		{224EB61E-B6B1-4AA5-A328-1807B54D8C98}.Debug|Any CPU.Build.0 = Debug|Any CPU
		{224EB61E-B6B1-4AA5-A328-1807B54D8C98}.Release|Any CPU.ActiveCfg = Release|Any CPU
		{224EB61E-B6B1-4AA5-A328-1807B54D8C98}.Release|Any CPU.Build.0 = Release|Any CPU
		{6D0AEE2A-531D-45F4-8954-9A1F3B6199DB}.Debug|Any CPU.ActiveCfg = Debug|Any CPU
		{6D0AEE2A-531D-45F4-8954-9A1F3B6199DB}.Debug|Any CPU.Build.0 = Debug|Any CPU
		{6D0AEE2A-531D-45F4-8954-9A1F3B6199DB}.Release|Any CPU.ActiveCfg = Release|Any CPU
		{6D0AEE2A-531D-45F4-8954-9A1F3B6199DB}.Release|Any CPU.Build.0 = Release|Any CPU
		{A257D198-82DC-4C8C-850D-C8CAE45CA909}.Debug|Any CPU.ActiveCfg = Debug|Any CPU
		{A257D198-82DC-4C8C-850D-C8CAE45CA909}.Debug|Any CPU.Build.0 = Debug|Any CPU
		{A257D198-82DC-4C8C-850D-C8CAE45CA909}.Release|Any CPU.ActiveCfg = Release|Any CPU
		{A257D198-82DC-4C8C-850D-C8CAE45CA909}.Release|Any CPU.Build.0 = Release|Any CPU
	EndGlobalSection
	GlobalSection(SolutionProperties) = preSolution
		HideSolutionNode = FALSE
	EndGlobalSection
	GlobalSection(ExtensibilityGlobals) = postSolution
		SolutionGuid = {53C52E8B-07E0-4E44-A6F1-9157DDA68DA7}
	EndGlobalSection
EndGlobal
